
Microsoft Visual Studio Solution File, Format Version 12.00
# Visual Studio Version 16
VisualStudioVersion = 16.0.31515.178
MinimumVisualStudioVersion = 10.0.40219.1
Project("{FAE04EC0-301F-11D3-BF4B-00C04F79EFBC}") = "OutAndRef", "OutAndRef\OutAndRef.csproj", "{904E571A-2114-41B3-9D7D-0315CA518D4E}"
EndProject
Global
	GlobalSection(SolutionConfigurationPlatforms) = preSolution
		Debug|Any CPU = Debug|Any CPU
		Release|Any CPU = Release|Any CPU
	EndGlobalSection
	GlobalSection(ProjectConfigurationPlatforms) = postSolution
		{904E571A-2114-41B3-9D7D-0315CA518D4E}.Debug|Any CPU.ActiveCfg = Debug|Any CPU
		{904E571A-2114-41B3-9D7D-0315CA518D4E}.Debug|Any CPU.Build.0 = Debug|Any CPU
		{904E571A-2114-41B3-9D7D-0315CA518D4E}.Release|Any CPU.ActiveCfg = Release|Any CPU
		{904E571A-2114-41B3-9D7D-0315CA518D4E}.Release|Any CPU.Build.0 = Release|Any CPU
	EndGlobalSection
	GlobalSection(SolutionProperties) = preSolution
		HideSolutionNode = FALSE
	EndGlobalSection
	GlobalSection(ExtensibilityGlobals) = postSolution
		SolutionGuid = {B848A236-1EBF-43BF-819C-B36800650C32}
	EndGlobalSection
EndGlobal
